
Microsoft Visual Studio Solution File, Format Version 12.00
# Visual Studio Version 17
VisualStudioVersion = 17.6.33829.357
MinimumVisualStudioVersion = 10.0.40219.1
Project("{9A19103F-16F7-4668-BE54-9A1E7A4F7556}") = "PDF-PhraseFinder", "PDF-PhraseFinder.csproj", "{C6DA2C31-2DF1-465B-9D05-7C2EA53DADA6}"
EndProject
Project("{2150E333-8FDC-42A3-9474-1A3956D46DE8}") = "Solution Items", "Solution Items", "{14C0200D-2767-4B1B-8581-D0C8BE973F08}"
EndProject
Global
	GlobalSection(SolutionConfigurationPlatforms) = preSolution
		Debug|Any CPU = Debug|Any CPU
		Debug|x64 = Debug|x64
		Release|Any CPU = Release|Any CPU
		Release|x64 = Release|x64
	EndGlobalSection
	GlobalSection(ProjectConfigurationPlatforms) = postSolution
		{C6DA2C31-2DF1-465B-9D05-7C2EA53DADA6}.Debug|Any CPU.ActiveCfg = Debug|Any CPU
		{C6DA2C31-2DF1-465B-9D05-7C2EA53DADA6}.Debug|Any CPU.Build.0 = Debug|Any CPU
		{C6DA2C31-2DF1-465B-9D05-7C2EA53DADA6}.Debug|x64.ActiveCfg = Debug|x64
		{C6DA2C31-2DF1-465B-9D05-7C2EA53DADA6}.Debug|x64.Build.0 = Debug|x64
		{C6DA2C31-2DF1-465B-9D05-7C2EA53DADA6}.Release|Any CPU.ActiveCfg = Release|Any CPU
		{C6DA2C31-2DF1-465B-9D05-7C2EA53DADA6}.Release|Any CPU.Build.0 = Release|Any CPU
		{C6DA2C31-2DF1-465B-9D05-7C2EA53DADA6}.Release|x64.ActiveCfg = Release|x64
		{C6DA2C31-2DF1-465B-9D05-7C2EA53DADA6}.Release|x64.Build.0 = Release|x64
	EndGlobalSection
	GlobalSection(SolutionProperties) = preSolution
		HideSolutionNode = FALSE
	EndGlobalSection
	GlobalSection(ExtensibilityGlobals) = postSolution
		SolutionGuid = {EBD31A4C-DC26-4BA7-B7E1-1092617AF4FD}
	EndGlobalSection
EndGlobal
